
Microsoft Visual Studio Solution File, Format Version 12.00
# Visual Studio Version 17
VisualStudioVersion = 17.5.002.0
MinimumVisualStudioVersion = 10.0.40219.1
Project("{9A19103F-16F7-4668-BE54-9A1E7A4F7556}") = "Fundamentals-1", "Fundamentals-1.csproj", "{51A26E24-24BA-4534-A1DF-076D875F478B}"
EndProject
Global
	GlobalSection(SolutionConfigurationPlatforms) = preSolution
		Debug|Any CPU = Debug|Any CPU
		Release|Any CPU = Release|Any CPU
	EndGlobalSection
	GlobalSection(ProjectConfigurationPlatforms) = postSolution
		{51A26E24-24BA-4534-A1DF-076D875F478B}.Debug|Any CPU.ActiveCfg = Debug|Any CPU
		{51A26E24-24BA-4534-A1DF-076D875F478B}.Debug|Any CPU.Build.0 = Debug|Any CPU
		{51A26E24-24BA-4534-A1DF-076D875F478B}.Release|Any CPU.ActiveCfg = Release|Any CPU
		{51A26E24-24BA-4534-A1DF-076D875F478B}.Release|Any CPU.Build.0 = Release|Any CPU
	EndGlobalSection
	GlobalSection(SolutionProperties) = preSolution
		HideSolutionNode = FALSE
	EndGlobalSection
	GlobalSection(ExtensibilityGlobals) = postSolution
		SolutionGuid = {3EFEEACA-29FA-483F-8C06-A6309647CF74}
	EndGlobalSection
EndGlobal
